// !$*UTF8*$!
{
	archiveVersion = 1;
	classes = {
	};
	objectVersion = 48;
	objects = {

/* Begin PBXBuildFile section */
		4ABA2772205B86F70092CB70 /* testComparable.cpp in Sources */ = {isa = PBXBuildFile; fileRef = 4ABA2771205B86F70092CB70 /* testComparable.cpp */; };
		4ABA277A205B87150092CB70 /* Comparable.h in Sources */ = {isa = PBXBuildFile; fileRef = 4ABA2778205B87150092CB70 /* Comparable.h */; };
/* End PBXBuildFile section */

/* Begin PBXCopyFilesBuildPhase section */
		4ABA276C205B86F70092CB70 /* CopyFiles */ = {
			isa = PBXCopyFilesBuildPhase;
			buildActionMask = 2147483647;
			dstPath = /usr/share/man/man1/;
			dstSubfolderSpec = 0;
			files = (
			);
			runOnlyForDeploymentPostprocessing = 1;
		};
/* End PBXCopyFilesBuildPhase section */

/* Begin PBXFileReference section */
		4ABA276E205B86F70092CB70 /* Project4 */ = {isa = PBXFileReference; explicitFileType = "compiled.mach-o.executable"; includeInIndex = 0; path = Project4; sourceTree = BUILT_PRODUCTS_DIR; };
		4ABA2771205B86F70092CB70 /* testComparable.cpp */ = {isa = PBXFileReference; lastKnownFileType = sourcecode.cpp.cpp; path = testComparable.cpp; sourceTree = "<group>"; };
		4ABA2778205B87150092CB70 /* Comparable.h */ = {isa = PBXFileReference; explicitFileType = sourcecode.cpp.h; path = Comparable.h; sourceTree = "<group>"; };
		4ABA277C205B930B0092CB70 /* IComparable.h */ = {isa = PBXFileReference; explicitFileType = sourcecode.cpp.h; path = IComparable.h; sourceTree = "<group>"; };
/* End PBXFileReference section */

/* Begin PBXFrameworksBuildPhase section */
		4ABA276B205B86F70092CB70 /* Frameworks */ = {
			isa = PBXFrameworksBuildPhase;
			buildActionMask = 2147483647;
			files = (
			);
			runOnlyForDeploymentPostprocessing = 0;
		};
/* End PBXFrameworksBuildPhase section */

/* Begin PBXGroup section */
		4ABA2765205B86F70092CB70 = {
			isa = PBXGroup;
			children = (
				4ABA2770205B86F70092CB70 /* Project4 */,
				4ABA276F205B86F70092CB70 /* Products */,
			);
			sourceTree = "<group>";
		};
		4ABA276F205B86F70092CB70 /* Products */ = {
			isa = PBXGroup;
			children = (
				4ABA276E205B86F70092CB70 /* Project4 */,
			);
			name = Products;
			sourceTree = "<group>";
		};
		4ABA2770205B86F70092CB70 /* Project4 */ = {
			isa = PBXGroup;
			children = (
				4ABA2771205B86F70092CB70 /* testComparable.cpp */,
				4ABA2778205B87150092CB70 /* Comparable.h */,
				4ABA277C205B930B0092CB70 /* IComparable.h */,
			);
			path = Project4;
			sourceTree = "<group>";
		};
/* End PBXGroup section */

/* Begin PBXNativeTarget section */
		4ABA276D205B86F70092CB70 /* Project4 */ = {
			isa = PBXNativeTarget;
			buildConfigurationList = 4ABA2775205B86F70092CB70 /* Build configuration list for PBXNativeTarget "Project4" */;
			buildPhases = (
				4ABA276A205B86F70092CB70 /* Sources */,
				4ABA276B205B86F70092CB70 /* Frameworks */,
				4ABA276C205B86F70092CB70 /* CopyFiles */,
			);
			buildRules = (
			);
			dependencies = (
			);
			name = Project4;
			productName = Project4;
			productReference = 4ABA276E205B86F70092CB70 /* Project4 */;
			productType = "com.apple.product-type.tool";
		};
/* End PBXNativeTarget section */

/* Begin PBXProject section */
		4ABA2766205B86F70092CB70 /* Project object */ = {
			isa = PBXProject;
			attributes = {
				LastUpgradeCheck = 0920;
				ORGANIZATIONNAME = Hayapple;
				TargetAttributes = {
					4ABA276D205B86F70092CB70 = {
						CreatedOnToolsVersion = 9.2;
						ProvisioningStyle = Automatic;
					};
				};
			};
			buildConfigurationList = 4ABA2769205B86F70092CB70 /* Build configuration list for PBXProject "Project4" */;
			compatibilityVersion = "Xcode 8.0";
			developmentRegion = en;
			hasScannedForEncodings = 0;
			knownRegions = (
				en,
			);
			mainGroup = 4ABA2765205B86F70092CB70;
			productRefGroup = 4ABA276F205B86F70092CB70 /* Products */;
			projectDirPath = "";
			projectRoot = "";
			targets = (
				4ABA276D205B86F70092CB70 /* Project4 */,
			);
		};
/* End PBXProject section */

/* Begin PBXSourcesBuildPhase section */
		4ABA276A205B86F70092CB70 /* Sources */ = {
			isa = PBXSourcesBuildPhase;
			buildActionMask = 2147483647;
			files = (
				4ABA2772205B86F70092CB70 /* testComparable.cpp in Sources */,
				4ABA277A205B87150092CB70 /* Comparable.h in Sources */,
			);
			runOnlyForDeploymentPostprocessing = 0;
		};
/* End PBXSourcesBuildPhase section */

/* Begin XCBuildConfiguration section */
		4ABA2773205B86F70092CB70 /* Debug */ = {
			isa = XCBuildConfiguration;
			buildSettings = {
				ALWAYS_SEARCH_USER_PATHS = NO;
				CLANG_ANALYZER_NONNULL = YES;
				CLANG_ANALYZER_NUMBER_OBJECT_CONVERSION = YES_AGGRESSIVE;
				CLANG_CXX_LANGUAGE_STANDARD = "gnu++14";
				CLANG_CXX_LIBRARY = "libc++";
				CLANG_ENABLE_MODULES = YES;
				CLANG_ENABLE_OBJC_ARC = YES;
				CLANG_WARN_BLOCK_CAPTURE_AUTORELEASING = YES;
				CLANG_WARN_BOOL_CONVERSION = YES;
				CLANG_WARN_COMMA = YES;
				CLANG_WARN_CONSTANT_CONVERSION = YES;
				CLANG_WARN_DIRECT_OBJC_ISA_USAGE = YES_ERROR;
				CLANG_WARN_DOCUMENTATION_COMMENTS = YES;
				CLANG_WARN_EMPTY_BODY = YES;
				CLANG_WARN_ENUM_CONVERSION = YES;
				CLANG_WARN_INFINITE_RECURSION = YES;
				CLANG_WARN_INT_CONVERSION = YES;
				CLANG_WARN_NON_LITERAL_NULL_CONVERSION = YES;
				CLANG_WARN_OBJC_LITERAL_CONVERSION = YES;
				CLANG_WARN_OBJC_ROOT_CLASS = YES_ERROR;
				CLANG_WARN_RANGE_LOOP_ANALYSIS = YES;
				CLANG_WARN_STRICT_PROTOTYPES = YES;
				CLANG_WARN_SUSPICIOUS_MOVE = YES;
				CLANG_WARN_UNGUARDED_AVAILABILITY = YES_AGGRESSIVE;
				CLANG_WARN_UNREACHABLE_CODE = YES;
				CLANG_WARN__DUPLICATE_METHOD_MATCH = YES;
				CODE_SIGN_IDENTITY = "Mac Developer";
				COPY_PHASE_STRIP = NO;
				DEBUG_INFORMATION_FORMAT = dwarf;
				ENABLE_STRICT_OBJC_MSGSEND = YES;
				ENABLE_TESTABILITY = YES;
				GCC_C_LANGUAGE_STANDARD = gnu11;
				GCC_DYNAMIC_NO_PIC = NO;
				GCC_NO_COMMON_BLOCKS = YES;
				GCC_OPTIMIZATION_LEVEL = 0;
				GCC_PREPROCESSOR_DEFINITIONS = (
					"DEBUG=1",
					"$(inherited)",
				);
				GCC_WARN_64_TO_32_BIT_CONVERSION = YES;
				GCC_WARN_ABOUT_RETURN_TYPE = YES_ERROR;
				GCC_WARN_UNDECLARED_SELECTOR = YES;
				GCC_WARN_UNINITIALIZED_AUTOS = YES_AGGRESSIVE;
				GCC_WARN_UNUSED_FUNCTION = YES;
				GCC_WARN_UNUSED_VARIABLE = YES;
				MACOSX_DEPLOYMENT_TARGET = 10.12;
				MTL_ENABLE_DEBUG_INFO = YES;
				ONLY_ACTIVE_ARCH = YES;
				SDKROOT = macosx;
			};
			name = Debug;
		};
		4ABA2774205B86F70092CB70 /* Release */ = {
			isa = XCBuildConfiguration;
			buildSettings = {
				ALWAYS_SEARCH_USER_PATHS = NO;
				CLANG_ANALYZER_NONNULL = YES;
				CLANG_ANALYZER_NUMBER_OBJECT_CONVERSION = YES_AGGRESSIVE;
				CLANG_CXX_LANGUAGE_STANDARD = "gnu++14";
				CLANG_CXX_LIBRARY = "libc++";
				CLANG_ENABLE_MODULES = YES;
				CLANG_ENABLE_OBJC_ARC = YES;
				CLANG_WARN_BLOCK_CAPTURE_AUTORELEASING = YES;
				CLANG_WARN_BOOL_CONVERSION = YES;
				CLANG_WARN_COMMA = YES;
				CLANG_WARN_CONSTANT_CONVERSION = YES;
				CLANG_WARN_DIRECT_OBJC_ISA_USAGE = YES_ERROR;
				CLANG_WARN_DOCUMENTATION_COMMENTS = YES;
				CLANG_WARN_EMPTY_BODY = YES;
				CLANG_WARN_ENUM_CONVERSION = YES;
				CLANG_WARN_INFINITE_RECURSION = YES;
				CLANG_WARN_INT_CONVERSION = YES;
				CLANG_WARN_NON_LITERAL_NULL_CONVERSION = YES;
				CLANG_WARN_OBJC_LITERAL_CONVERSION = YES;
				CLANG_WARN_OBJC_ROOT_CLASS = YES_ERROR;
				CLANG_WARN_RANGE_LOOP_ANALYSIS = YES;
				CLANG_WARN_STRICT_PROTOTYPES = YES;
				CLANG_WARN_SUSPICIOUS_MOVE = YES;
				CLANG_WARN_UNGUARDED_AVAILABILITY = YES_AGGRESSIVE;
				CLANG_WARN_UNREACHABLE_CODE = YES;
				CLANG_WARN__DUPLICATE_METHOD_MATCH = YES;
				CODE_SIGN_IDENTITY = "Mac Developer";
				COPY_PHASE_STRIP = NO;
				DEBUG_INFORMATION_FORMAT = "dwarf-with-dsym";
				ENABLE_NS_ASSERTIONS = NO;
				ENABLE_STRICT_OBJC_MSGSEND = YES;
				GCC_C_LANGUAGE_STANDARD = gnu11;
				GCC_NO_COMMON_BLOCKS = YES;
				GCC_WARN_64_TO_32_BIT_CONVERSION = YES;
				GCC_WARN_ABOUT_RETURN_TYPE = YES_ERROR;
				GCC_WARN_UNDECLARED_SELECTOR = YES;
				GCC_WARN_UNINITIALIZED_AUTOS = YES_AGGRESSIVE;
				GCC_WARN_UNUSED_FUNCTION = YES;
				GCC_WARN_UNUSED_VARIABLE = YES;
				MACOSX_DEPLOYMENT_TARGET = 10.12;
				MTL_ENABLE_DEBUG_INFO = NO;
				SDKROOT = macosx;
			};
			name = Release;
		};
		4ABA2776205B86F70092CB70 /* Debug */ = {
			isa = XCBuildConfiguration;
			buildSettings = {
				CODE_SIGN_STYLE = Automatic;
				DEVELOPMENT_TEAM = KHP2F89RAB;
				PRODUCT_NAME = "$(TARGET_NAME)";
			};
			name = Debug;
		};
		4ABA2777205B86F70092CB70 /* Release */ = {
			isa = XCBuildConfiguration;
			buildSettings = {
				CODE_SIGN_STYLE = Automatic;
				DEVELOPMENT_TEAM = KHP2F89RAB;
				PRODUCT_NAME = "$(TARGET_NAME)";
			};
			name = Release;
		};
/* End XCBuildConfiguration section */

/* Begin XCConfigurationList section */
		4ABA2769205B86F70092CB70 /* Build configuration list for PBXProject "Project4" */ = {
			isa = XCConfigurationList;
			buildConfigurations = (
				4ABA2773205B86F70092CB70 /* Debug */,
				4ABA2774205B86F70092CB70 /* Release */,
			);
			defaultConfigurationIsVisible = 0;
			defaultConfigurationName = Release;
		};
		4ABA2775205B86F70092CB70 /* Build configuration list for PBXNativeTarget "Project4" */ = {
			isa = XCConfigurationList;
			buildConfigurations = (
				4ABA2776205B86F70092CB70 /* Debug */,
				4ABA2777205B86F70092CB70 /* Release */,
			);
			defaultConfigurationIsVisible = 0;
			defaultConfigurationName = Release;
		};
/* End XCConfigurationList section */
	};
	rootObject = 4ABA2766205B86F70092CB70 /* Project object */;
}
